Microsoft Visual Studio Solution File, Format Version 12.00
# Visual Studio Version 17
VisualStudioVersion = 17.5.2.0
MinimumVisualStudioVersion = 10.0.40219.1
Project("{FAE04EC0-301F-11D3-BF4B-00C04F79EFBC}") = "CouncilChatbotPrototype", "CouncilChatbotPrototype.csproj", "{1D157809-15B9-5878-980A-42390764F51C}"
EndProject
Global
	GlobalSection(SolutionConfigurationPlatforms) = preSolution
		Debug|Any CPU = Debug|Any CPU
		Release|Any CPU = Release|Any CPU
	EndGlobalSection
	GlobalSection(ProjectConfigurationPlatforms) = postSolution
		{1D157809-15B9-5878-980A-42390764F51C}.Debug|Any CPU.ActiveCfg = Debug|Any CPU
		{1D157809-15B9-5878-980A-42390764F51C}.Debug|Any CPU.Build.0 = Debug|Any CPU
		{1D157809-15B9-5878-980A-42390764F51C}.Release|Any CPU.ActiveCfg = Release|Any CPU
		{1D157809-15B9-5878-980A-42390764F51C}.Release|Any CPU.Build.0 = Release|Any CPU
	EndGlobalSection
	GlobalSection(SolutionProperties) = preSolution
		HideSolutionNode = FALSE
	EndGlobalSection
	GlobalSection(ExtensibilityGlobals) = postSolution
		SolutionGuid = {6DBE836F-0554-45D6-9FCC-BE7C34D78C77}
	EndGlobalSection
EndGlobal
